
Microsoft Visual Studio Solution File, Format Version 12.00
# Visual Studio Version 16
VisualStudioVersion = 16.0.31313.79
MinimumVisualStudioVersion = 10.0.40219.1
Project("{FAE04EC0-301F-11D3-BF4B-00C04F79EFBC}") = "firstCrud", "firstCrud\firstCrud.csproj", "{B3F3E2FA-B6D3-4984-813F-6D19997F27B8}"
EndProject
Global
	GlobalSection(SolutionConfigurationPlatforms) = preSolution
		Debug|Any CPU = Debug|Any CPU
		Release|Any CPU = Release|Any CPU
	EndGlobalSection
	GlobalSection(ProjectConfigurationPlatforms) = postSolution
		{B3F3E2FA-B6D3-4984-813F-6D19997F27B8}.Debug|Any CPU.ActiveCfg = Debug|Any CPU
		{B3F3E2FA-B6D3-4984-813F-6D19997F27B8}.Debug|Any CPU.Build.0 = Debug|Any CPU
		{B3F3E2FA-B6D3-4984-813F-6D19997F27B8}.Release|Any CPU.ActiveCfg = Release|Any CPU
		{B3F3E2FA-B6D3-4984-813F-6D19997F27B8}.Release|Any CPU.Build.0 = Release|Any CPU
	EndGlobalSection
	GlobalSection(SolutionProperties) = preSolution
		HideSolutionNode = FALSE
	EndGlobalSection
	GlobalSection(ExtensibilityGlobals) = postSolution
		SolutionGuid = {917324C7-9AE9-4082-B348-4AC74F2C4FCD}
	EndGlobalSection
EndGlobal
